
Microsoft Visual Studio Solution File, Format Version 12.00
# Visual Studio Version 17
VisualStudioVersion = 17.6.33712.159
MinimumVisualStudioVersion = 10.0.40219.1
Project("{FAE04EC0-301F-11D3-BF4B-00C04F79EFBC}") = "Practica10_DunierJavier", "Practica10_DunierJavier.csproj", "{ADA79604-B848-45C8-8CC2-9A187341ABED}"
EndProject
Global
	GlobalSection(SolutionConfigurationPlatforms) = preSolution
		Debug|Any CPU = Debug|Any CPU
		Release|Any CPU = Release|Any CPU
	EndGlobalSection
	GlobalSection(ProjectConfigurationPlatforms) = postSolution
		{ADA79604-B848-45C8-8CC2-9A187341ABED}.Debug|Any CPU.ActiveCfg = Debug|Any CPU
		{ADA79604-B848-45C8-8CC2-9A187341ABED}.Debug|Any CPU.Build.0 = Debug|Any CPU
		{ADA79604-B848-45C8-8CC2-9A187341ABED}.Release|Any CPU.ActiveCfg = Release|Any CPU
		{ADA79604-B848-45C8-8CC2-9A187341ABED}.Release|Any CPU.Build.0 = Release|Any CPU
	EndGlobalSection
	GlobalSection(SolutionProperties) = preSolution
		HideSolutionNode = FALSE
	EndGlobalSection
	GlobalSection(ExtensibilityGlobals) = postSolution
		SolutionGuid = {05E28EEA-A278-4351-90EE-CA4DC19C8D19}
	EndGlobalSection
EndGlobal
